// !$*UTF8*$!
{
	archiveVersion = 1;
	classes = {
	};
	objectVersion = 56;
	objects = {

/* Begin PBXBuildFile section */
		2CC4F9522BB2599100B844A8 /* CodeAIApp.swift in Sources */ = {isa = PBXBuildFile; fileRef = 2CC4F9512BB2599100B844A8 /* CodeAIApp.swift */; };
		2CC4F9542BB2599100B844A8 /* RepositoryListView.swift in Sources */ = {isa = PBXBuildFile; fileRef = 2CC4F9532BB2599100B844A8 /* RepositoryListView.swift */; };
		2CC4F9562BB2599500B844A8 /* Assets.xcassets in Resources */ = {isa = PBXBuildFile; fileRef = 2CC4F9552BB2599500B844A8 /* Assets.xcassets */; };
		2CC4F9592BB2599500B844A8 /* Preview Assets.xcassets in Resources */ = {isa = PBXBuildFile; fileRef = 2CC4F9582BB2599500B844A8 /* Preview Assets.xcassets */; };
		2CC4F9632BB2599600B844A8 /* CodeAITests.swift in Sources */ = {isa = PBXBuildFile; fileRef = 2CC4F9622BB2599600B844A8 /* CodeAITests.swift */; };
		2CC4F96D2BB2599600B844A8 /* CodeAIUITests.swift in Sources */ = {isa = PBXBuildFile; fileRef = 2CC4F96C2BB2599600B844A8 /* CodeAIUITests.swift */; };
		2CC4F96F2BB2599600B844A8 /* CodeAIUITestsLaunchTests.swift in Sources */ = {isa = PBXBuildFile; fileRef = 2CC4F96E2BB2599600B844A8 /* CodeAIUITestsLaunchTests.swift */; };
		2CC4F97C2BB25A9500B844A8 /* GitHubAPIClient.swift in Sources */ = {isa = PBXBuildFile; fileRef = 2CC4F97B2BB25A9500B844A8 /* GitHubAPIClient.swift */; };
		2CC4F97E2BB265E800B844A8 /* Repository.swift in Sources */ = {isa = PBXBuildFile; fileRef = 2CC4F97D2BB265E800B844A8 /* Repository.swift */; };
/* End PBXBuildFile section */

/* Begin PBXContainerItemProxy section */
		2CC4F95F2BB2599600B844A8 /* PBXContainerItemProxy */ = {
			isa = PBXContainerItemProxy;
			containerPortal = 2CC4F9462BB2599000B844A8 /* Project object */;
			proxyType = 1;
			remoteGlobalIDString = 2CC4F94D2BB2599100B844A8;
			remoteInfo = CodeAI;
		};
		2CC4F9692BB2599600B844A8 /* PBXContainerItemProxy */ = {
			isa = PBXContainerItemProxy;
			containerPortal = 2CC4F9462BB2599000B844A8 /* Project object */;
			proxyType = 1;
			remoteGlobalIDString = 2CC4F94D2BB2599100B844A8;
			remoteInfo = CodeAI;
		};
/* End PBXContainerItemProxy section */

/* Begin PBXFileReference section */
		2CC4F94E2BB2599100B844A8 /* CodeAI.app */ = {isa = PBXFileReference; explicitFileType = wrapper.application; includeInIndex = 0; path = CodeAI.app; sourceTree = BUILT_PRODUCTS_DIR; };
		2CC4F9512BB2599100B844A8 /* CodeAIApp.swift */ = {isa = PBXFileReference; lastKnownFileType = sourcecode.swift; path = CodeAIApp.swift; sourceTree = "<group>"; };
		2CC4F9532BB2599100B844A8 /* RepositoryListView.swift */ = {isa = PBXFileReference; lastKnownFileType = sourcecode.swift; path = RepositoryListView.swift; sourceTree = "<group>"; };
		2CC4F9552BB2599500B844A8 /* Assets.xcassets */ = {isa = PBXFileReference; lastKnownFileType = folder.assetcatalog; path = Assets.xcassets; sourceTree = "<group>"; };
		2CC4F9582BB2599500B844A8 /* Preview Assets.xcassets */ = {isa = PBXFileReference; lastKnownFileType = folder.assetcatalog; path = "Preview Assets.xcassets"; sourceTree = "<group>"; };
		2CC4F95E2BB2599600B844A8 /* CodeAITests.xctest */ = {isa = PBXFileReference; explicitFileType = wrapper.cfbundle; includeInIndex = 0; path = CodeAITests.xctest; sourceTree = BUILT_PRODUCTS_DIR; };
		2CC4F9622BB2599600B844A8 /* CodeAITests.swift */ = {isa = PBXFileReference; lastKnownFileType = sourcecode.swift; path = CodeAITests.swift; sourceTree = "<group>"; };
		2CC4F9682BB2599600B844A8 /* CodeAIUITests.xctest */ = {isa = PBXFileReference; explicitFileType = wrapper.cfbundle; includeInIndex = 0; path = CodeAIUITests.xctest; sourceTree = BUILT_PRODUCTS_DIR; };
		2CC4F96C2BB2599600B844A8 /* CodeAIUITests.swift */ = {isa = PBXFileReference; lastKnownFileType = sourcecode.swift; path = CodeAIUITests.swift; sourceTree = "<group>"; };
		2CC4F96E2BB2599600B844A8 /* CodeAIUITestsLaunchTests.swift */ = {isa = PBXFileReference; lastKnownFileType = sourcecode.swift; path = CodeAIUITestsLaunchTests.swift; sourceTree = "<group>"; };
		2CC4F97B2BB25A9500B844A8 /* GitHubAPIClient.swift */ = {isa = PBXFileReference; lastKnownFileType = sourcecode.swift; path = GitHubAPIClient.swift; sourceTree = "<group>"; };
		2CC4F97D2BB265E800B844A8 /* Repository.swift */ = {isa = PBXFileReference; lastKnownFileType = sourcecode.swift; path = Repository.swift; sourceTree = "<group>"; };
/* End PBXFileReference section */

/* Begin PBXFrameworksBuildPhase section */
		2CC4F94B2BB2599100B844A8 /* Frameworks */ = {
			isa = PBXFrameworksBuildPhase;
			buildActionMask = 2147483647;
			files = (
			);
			runOnlyForDeploymentPostprocessing = 0;
		};
		2CC4F95B2BB2599600B844A8 /* Frameworks */ = {
			isa = PBXFrameworksBuildPhase;
			buildActionMask = 2147483647;
			files = (
			);
			runOnlyForDeploymentPostprocessing = 0;
		};
		2CC4F9652BB2599600B844A8 /* Frameworks */ = {
			isa = PBXFrameworksBuildPhase;
			buildActionMask = 2147483647;
			files = (
			);
			runOnlyForDeploymentPostprocessing = 0;
		};
/* End PBXFrameworksBuildPhase section */

/* Begin PBXGroup section */
		2CC4F9452BB2599000B844A8 = {
			isa = PBXGroup;
			children = (
				2CC4F9502BB2599100B844A8 /* CodeAI */,
				2CC4F9612BB2599600B844A8 /* CodeAITests */,
				2CC4F96B2BB2599600B844A8 /* CodeAIUITests */,
				2CC4F94F2BB2599100B844A8 /* Products */,
			);
			sourceTree = "<group>";
		};
		2CC4F94F2BB2599100B844A8 /* Products */ = {
			isa = PBXGroup;
			children = (
				2CC4F94E2BB2599100B844A8 /* CodeAI.app */,
				2CC4F95E2BB2599600B844A8 /* CodeAITests.xctest */,
				2CC4F9682BB2599600B844A8 /* CodeAIUITests.xctest */,
			);
			name = Products;
			sourceTree = "<group>";
		};
		2CC4F9502BB2599100B844A8 /* CodeAI */ = {
			isa = PBXGroup;
			children = (
				2CC4F9512BB2599100B844A8 /* CodeAIApp.swift */,
				2CC4F9532BB2599100B844A8 /* RepositoryListView.swift */,
				2CC4F9552BB2599500B844A8 /* Assets.xcassets */,
				2CC4F9572BB2599500B844A8 /* Preview Content */,
				2CC4F97B2BB25A9500B844A8 /* GitHubAPIClient.swift */,
				2CC4F97D2BB265E800B844A8 /* Repository.swift */,
			);
			path = CodeAI;
			sourceTree = "<group>";
		};
		2CC4F9572BB2599500B844A8 /* Preview Content */ = {
			isa = PBXGroup;
			children = (
				2CC4F9582BB2599500B844A8 /* Preview Assets.xcassets */,
			);
			path = "Preview Content";
			sourceTree = "<group>";
		};
		2CC4F9612BB2599600B844A8 /* CodeAITests */ = {
			isa = PBXGroup;
			children = (
				2CC4F9622BB2599600B844A8 /* CodeAITests.swift */,
			);
			path = CodeAITests;
			sourceTree = "<group>";
		};
		2CC4F96B2BB2599600B844A8 /* CodeAIUITests */ = {
			isa = PBXGroup;
			children = (
				2CC4F96C2BB2599600B844A8 /* CodeAIUITests.swift */,
				2CC4F96E2BB2599600B844A8 /* CodeAIUITestsLaunchTests.swift */,
			);
			path = CodeAIUITests;
			sourceTree = "<group>";
		};
/* End PBXGroup section */

/* Begin PBXNativeTarget section */
		2CC4F94D2BB2599100B844A8 /* CodeAI */ = {
			isa = PBXNativeTarget;
			buildConfigurationList = 2CC4F9722BB2599600B844A8 /* Build configuration list for PBXNativeTarget "CodeAI" */;
			buildPhases = (
				2CC4F94A2BB2599100B844A8 /* Sources */,
				2CC4F94B2BB2599100B844A8 /* Frameworks */,
				2CC4F94C2BB2599100B844A8 /* Resources */,
			);
			buildRules = (
			);
			dependencies = (
			);
			name = CodeAI;
			productName = CodeAI;
			productReference = 2CC4F94E2BB2599100B844A8 /* CodeAI.app */;
			productType = "com.apple.product-type.application";
		};
		2CC4F95D2BB2599600B844A8 /* CodeAITests */ = {
			isa = PBXNativeTarget;
			buildConfigurationList = 2CC4F9752BB2599600B844A8 /* Build configuration list for PBXNativeTarget "CodeAITests" */;
			buildPhases = (
				2CC4F95A2BB2599600B844A8 /* Sources */,
				2CC4F95B2BB2599600B844A8 /* Frameworks */,
				2CC4F95C2BB2599600B844A8 /* Resources */,
			);
			buildRules = (
			);
			dependencies = (
				2CC4F9602BB2599600B844A8 /* PBXTargetDependency */,
			);
			name = CodeAITests;
			productName = CodeAITests;
			productReference = 2CC4F95E2BB2599600B844A8 /* CodeAITests.xctest */;
			productType = "com.apple.product-type.bundle.unit-test";
		};
		2CC4F9672BB2599600B844A8 /* CodeAIUITests */ = {
			isa = PBXNativeTarget;
			buildConfigurationList = 2CC4F9782BB2599600B844A8 /* Build configuration list for PBXNativeTarget "CodeAIUITests" */;
			buildPhases = (
				2CC4F9642BB2599600B844A8 /* Sources */,
				2CC4F9652BB2599600B844A8 /* Frameworks */,
				2CC4F9662BB2599600B844A8 /* Resources */,
			);
			buildRules = (
			);
			dependencies = (
				2CC4F96A2BB2599600B844A8 /* PBXTargetDependency */,
			);
			name = CodeAIUITests;
			productName = CodeAIUITests;
			productReference = 2CC4F9682BB2599600B844A8 /* CodeAIUITests.xctest */;
			productType = "com.apple.product-type.bundle.ui-testing";
		};
/* End PBXNativeTarget section */

/* Begin PBXProject section */
		2CC4F9462BB2599000B844A8 /* Project object */ = {
			isa = PBXProject;
			attributes = {
				BuildIndependentTargetsInParallel = 1;
				LastSwiftUpdateCheck = 1510;
				LastUpgradeCheck = 1510;
				TargetAttributes = {
					2CC4F94D2BB2599100B844A8 = {
						CreatedOnToolsVersion = 15.1;
					};
					2CC4F95D2BB2599600B844A8 = {
						CreatedOnToolsVersion = 15.1;
						TestTargetID = 2CC4F94D2BB2599100B844A8;
					};
					2CC4F9672BB2599600B844A8 = {
						CreatedOnToolsVersion = 15.1;
						TestTargetID = 2CC4F94D2BB2599100B844A8;
					};
				};
			};
			buildConfigurationList = 2CC4F9492BB2599000B844A8 /* Build configuration list for PBXProject "CodeAI" */;
			compatibilityVersion = "Xcode 14.0";
			developmentRegion = en;
			hasScannedForEncodings = 0;
			knownRegions = (
				en,
				Base,
			);
			mainGroup = 2CC4F9452BB2599000B844A8;
			productRefGroup = 2CC4F94F2BB2599100B844A8 /* Products */;
			projectDirPath = "";
			projectRoot = "";
			targets = (
				2CC4F94D2BB2599100B844A8 /* CodeAI */,
				2CC4F95D2BB2599600B844A8 /* CodeAITests */,
				2CC4F9672BB2599600B844A8 /* CodeAIUITests */,
			);
		};
/* End PBXProject section */

/* Begin PBXResourcesBuildPhase section */
		2CC4F94C2BB2599100B844A8 /* Resources */ = {
			isa = PBXResourcesBuildPhase;
			buildActionMask = 2147483647;
			files = (
				2CC4F9592BB2599500B844A8 /* Preview Assets.xcassets in Resources */,
				2CC4F9562BB2599500B844A8 /* Assets.xcassets in Resources */,
			);
			runOnlyForDeploymentPostprocessing = 0;
		};
		2CC4F95C2BB2599600B844A8 /* Resources */ = {
			isa = PBXResourcesBuildPhase;
			buildActionMask = 2147483647;
			files = (
			);
			runOnlyForDeploymentPostprocessing = 0;
		};
		2CC4F9662BB2599600B844A8 /* Resources */ = {
			isa = PBXResourcesBuildPhase;
			buildActionMask = 2147483647;
			files = (
			);
			runOnlyForDeploymentPostprocessing = 0;
		};
/* End PBXResourcesBuildPhase section */

/* Begin PBXSourcesBuildPhase section */
		2CC4F94A2BB2599100B844A8 /* Sources */ = {
			isa = PBXSourcesBuildPhase;
			buildActionMask = 2147483647;
			files = (
				2CC4F9542BB2599100B844A8 /* RepositoryListView.swift in Sources */,
				2CC4F97E2BB265E800B844A8 /* Repository.swift in Sources */,
				2CC4F9522BB2599100B844A8 /* CodeAIApp.swift in Sources */,
				2CC4F97C2BB25A9500B844A8 /* GitHubAPIClient.swift in Sources */,
			);
			runOnlyForDeploymentPostprocessing = 0;
		};
		2CC4F95A2BB2599600B844A8 /* Sources */ = {
			isa = PBXSourcesBuildPhase;
			buildActionMask = 2147483647;
			files = (
				2CC4F9632BB2599600B844A8 /* CodeAITests.swift in Sources */,
			);
			runOnlyForDeploymentPostprocessing = 0;
		};
		2CC4F9642BB2599600B844A8 /* Sources */ = {
			isa = PBXSourcesBuildPhase;
			buildActionMask = 2147483647;
			files = (
				2CC4F96D2BB2599600B844A8 /* CodeAIUITests.swift in Sources */,
				2CC4F96F2BB2599600B844A8 /* CodeAIUITestsLaunchTests.swift in Sources */,
			);
			runOnlyForDeploymentPostprocessing = 0;
		};
/* End PBXSourcesBuildPhase section */

/* Begin PBXTargetDependency section */
		2CC4F9602BB2599600B844A8 /* PBXTargetDependency */ = {
			isa = PBXTargetDependency;
			target = 2CC4F94D2BB2599100B844A8 /* CodeAI */;
			targetProxy = 2CC4F95F2BB2599600B844A8 /* PBXContainerItemProxy */;
		};
		2CC4F96A2BB2599600B844A8 /* PBXTargetDependency */ = {
			isa = PBXTargetDependency;
			target = 2CC4F94D2BB2599100B844A8 /* CodeAI */;
			targetProxy = 2CC4F9692BB2599600B844A8 /* PBXContainerItemProxy */;
		};
/* End PBXTargetDependency section */

/* Begin XCBuildConfiguration section */
		2CC4F9702BB2599600B844A8 /* Debug */ = {
			isa = XCBuildConfiguration;
			buildSettings = {
				ALWAYS_SEARCH_USER_PATHS = NO;
				ASSETCATALOG_COMPILER_GENERATE_SWIFT_ASSET_SYMBOL_EXTENSIONS = YES;
				CLANG_ANALYZER_NONNULL = YES;
				CLANG_ANALYZER_NUMBER_OBJECT_CONVERSION = YES_AGGRESSIVE;
				CLANG_CXX_LANGUAGE_STANDARD = "gnu++20";
				CLANG_ENABLE_MODULES = YES;
				CLANG_ENABLE_OBJC_ARC = YES;
				CLANG_ENABLE_OBJC_WEAK = YES;
				CLANG_WARN_BLOCK_CAPTURE_AUTORELEASING = YES;
				CLANG_WARN_BOOL_CONVERSION = YES;
				CLANG_WARN_COMMA = YES;
				CLANG_WARN_CONSTANT_CONVERSION = YES;
				CLANG_WARN_DEPRECATED_OBJC_IMPLEMENTATIONS = YES;
				CLANG_WARN_DIRECT_OBJC_ISA_USAGE = YES_ERROR;
				CLANG_WARN_DOCUMENTATION_COMMENTS = YES;
				CLANG_WARN_EMPTY_BODY = YES;
				CLANG_WARN_ENUM_CONVERSION = YES;
				CLANG_WARN_INFINITE_RECURSION = YES;
				CLANG_WARN_INT_CONVERSION = YES;
				CLANG_WARN_NON_LITERAL_NULL_CONVERSION = YES;
				CLANG_WARN_OBJC_IMPLICIT_RETAIN_SELF = YES;
				CLANG_WARN_OBJC_LITERAL_CONVERSION = YES;
				CLANG_WARN_OBJC_ROOT_CLASS = YES_ERROR;
				CLANG_WARN_QUOTED_INCLUDE_IN_FRAMEWORK_HEADER = YES;
				CLANG_WARN_RANGE_LOOP_ANALYSIS = YES;
				CLANG_WARN_STRICT_PROTOTYPES = YES;
				CLANG_WARN_SUSPICIOUS_MOVE = YES;
				CLANG_WARN_UNGUARDED_AVAILABILITY = YES_AGGRESSIVE;
				CLANG_WARN_UNREACHABLE_CODE = YES;
				CLANG_WARN__DUPLICATE_METHOD_MATCH = YES;
				COPY_PHASE_STRIP = NO;
				DEBUG_INFORMATION_FORMAT = dwarf;
				ENABLE_STRICT_OBJC_MSGSEND = YES;
				ENABLE_TESTABILITY = YES;
				ENABLE_USER_SCRIPT_SANDBOXING = YES;
				GCC_C_LANGUAGE_STANDARD = gnu17;
				GCC_DYNAMIC_NO_PIC = NO;
				GCC_NO_COMMON_BLOCKS = YES;
				GCC_OPTIMIZATION_LEVEL = 0;
				GCC_PREPROCESSOR_DEFINITIONS = (
					"DEBUG=1",
					"$(inherited)",
				);
				GCC_WARN_64_TO_32_BIT_CONVERSION = YES;
				GCC_WARN_ABOUT_RETURN_TYPE = YES_ERROR;
				GCC_WARN_UNDECLARED_SELECTOR = YES;
				GCC_WARN_UNINITIALIZED_AUTOS = YES_AGGRESSIVE;
				GCC_WARN_UNUSED_FUNCTION = YES;
				GCC_WARN_UNUSED_VARIABLE = YES;
				IPHONEOS_DEPLOYMENT_TARGET = 17.2;
				LOCALIZATION_PREFERS_STRING_CATALOGS = YES;
				MTL_ENABLE_DEBUG_INFO = INCLUDE_SOURCE;
				MTL_FAST_MATH = YES;
				ONLY_ACTIVE_ARCH = YES;
				SDKROOT = iphoneos;
				SWIFT_ACTIVE_COMPILATION_CONDITIONS = "DEBUG $(inherited)";
				SWIFT_OPTIMIZATION_LEVEL = "-Onone";
			};
			name = Debug;
		};
		2CC4F9712BB2599600B844A8 /* Release */ = {
			isa = XCBuildConfiguration;
			buildSettings = {
				ALWAYS_SEARCH_USER_PATHS = NO;
				ASSETCATALOG_COMPILER_GENERATE_SWIFT_ASSET_SYMBOL_EXTENSIONS = YES;
				CLANG_ANALYZER_NONNULL = YES;
				CLANG_ANALYZER_NUMBER_OBJECT_CONVERSION = YES_AGGRESSIVE;
				CLANG_CXX_LANGUAGE_STANDARD = "gnu++20";
				CLANG_ENABLE_MODULES = YES;
				CLANG_ENABLE_OBJC_ARC = YES;
				CLANG_ENABLE_OBJC_WEAK = YES;
				CLANG_WARN_BLOCK_CAPTURE_AUTORELEASING = YES;
				CLANG_WARN_BOOL_CONVERSION = YES;
				CLANG_WARN_COMMA = YES;
				CLANG_WARN_CONSTANT_CONVERSION = YES;
				CLANG_WARN_DEPRECATED_OBJC_IMPLEMENTATIONS = YES;
				CLANG_WARN_DIRECT_OBJC_ISA_USAGE = YES_ERROR;
				CLANG_WARN_DOCUMENTATION_COMMENTS = YES;
				CLANG_WARN_EMPTY_BODY = YES;
				CLANG_WARN_ENUM_CONVERSION = YES;
				CLANG_WARN_INFINITE_RECURSION = YES;
				CLANG_WARN_INT_CONVERSION = YES;
				CLANG_WARN_NON_LITERAL_NULL_CONVERSION = YES;
				CLANG_WARN_OBJC_IMPLICIT_RETAIN_SELF = YES;
				CLANG_WARN_OBJC_LITERAL_CONVERSION = YES;
				CLANG_WARN_OBJC_ROOT_CLASS = YES_ERROR;
				CLANG_WARN_QUOTED_INCLUDE_IN_FRAMEWORK_HEADER = YES;
				CLANG_WARN_RANGE_LOOP_ANALYSIS = YES;
				CLANG_WARN_STRICT_PROTOTYPES = YES;
				CLANG_WARN_SUSPICIOUS_MOVE = YES;
				CLANG_WARN_UNGUARDED_AVAILABILITY = YES_AGGRESSIVE;
				CLANG_WARN_UNREACHABLE_CODE = YES;
				CLANG_WARN__DUPLICATE_METHOD_MATCH = YES;
				COPY_PHASE_STRIP = NO;
				DEBUG_INFORMATION_FORMAT = "dwarf-with-dsym";
				ENABLE_NS_ASSERTIONS = NO;
				ENABLE_STRICT_OBJC_MSGSEND = YES;
				ENABLE_USER_SCRIPT_SANDBOXING = YES;
				GCC_C_LANGUAGE_STANDARD = gnu17;
				GCC_NO_COMMON_BLOCKS = YES;
				GCC_WARN_64_TO_32_BIT_CONVERSION = YES;
				GCC_WARN_ABOUT_RETURN_TYPE = YES_ERROR;
				GCC_WARN_UNDECLARED_SELECTOR = YES;
				GCC_WARN_UNINITIALIZED_AUTOS = YES_AGGRESSIVE;
				GCC_WARN_UNUSED_FUNCTION = YES;
				GCC_WARN_UNUSED_VARIABLE = YES;
				IPHONEOS_DEPLOYMENT_TARGET = 17.2;
				LOCALIZATION_PREFERS_STRING_CATALOGS = YES;
				MTL_ENABLE_DEBUG_INFO = NO;
				MTL_FAST_MATH = YES;
				SDKROOT = iphoneos;
				SWIFT_COMPILATION_MODE = wholemodule;
				VALIDATE_PRODUCT = YES;
			};
			name = Release;
		};
		2CC4F9732BB2599600B844A8 /* Debug */ = {
			isa = XCBuildConfiguration;
			buildSettings = {
				ASSETCATALOG_COMPILER_APPICON_NAME = AppIcon;
				ASSETCATALOG_COMPILER_GLOBAL_ACCENT_COLOR_NAME = AccentColor;
				CODE_SIGN_STYLE = Automatic;
				CURRENT_PROJECT_VERSION = 1;
				DEVELOPMENT_ASSET_PATHS = "\"CodeAI/Preview Content\"";
				ENABLE_PREVIEWS = YES;
				GENERATE_INFOPLIST_FILE = YES;
				INFOPLIST_KEY_UIApplicationSceneManifest_Generation = YES;
				INFOPLIST_KEY_UIApplicationSupportsIndirectInputEvents = YES;
				INFOPLIST_KEY_UILaunchScreen_Generation = YES;
				INFOPLIST_KEY_UISupportedInterfaceOrientations_iPad = "UIInterfaceOrientationPortrait UIInterfaceOrientationPortraitUpsideDown UIInterfaceOrientationLandscapeLeft UIInterfaceOrientationLandscapeRight";
				INFOPLIST_KEY_UISupportedInterfaceOrientations_iPhone = "UIInterfaceOrientationPortrait UIInterfaceOrientationLandscapeLeft UIInterfaceOrientationLandscapeRight";
				LD_RUNPATH_SEARCH_PATHS = (
					"$(inherited)",
					"@executable_path/Frameworks",
				);
				MARKETING_VERSION = 1.0;
				PRODUCT_BUNDLE_IDENTIFIER = jp.co.daiheidoi.CodeAI;
				PRODUCT_NAME = "$(TARGET_NAME)";
				SWIFT_EMIT_LOC_STRINGS = YES;
				SWIFT_VERSION = 5.0;
				TARGETED_DEVICE_FAMILY = "1,2";
			};
			name = Debug;
		};
		2CC4F9742BB2599600B844A8 /* Release */ = {
			isa = XCBuildConfiguration;
			buildSettings = {
				ASSETCATALOG_COMPILER_APPICON_NAME = AppIcon;
				ASSETCATALOG_COMPILER_GLOBAL_ACCENT_COLOR_NAME = AccentColor;
				CODE_SIGN_STYLE = Automatic;
				CURRENT_PROJECT_VERSION = 1;
				DEVELOPMENT_ASSET_PATHS = "\"CodeAI/Preview Content\"";
				ENABLE_PREVIEWS = YES;
				GENERATE_INFOPLIST_FILE = YES;
				INFOPLIST_KEY_UIApplicationSceneManifest_Generation = YES;
				INFOPLIST_KEY_UIApplicationSupportsIndirectInputEvents = YES;
				INFOPLIST_KEY_UILaunchScreen_Generation = YES;
				INFOPLIST_KEY_UISupportedInterfaceOrientations_iPad = "UIInterfaceOrientationPortrait UIInterfaceOrientationPortraitUpsideDown UIInterfaceOrientationLandscapeLeft UIInterfaceOrientationLandscapeRight";
				INFOPLIST_KEY_UISupportedInterfaceOrientations_iPhone = "UIInterfaceOrientationPortrait UIInterfaceOrientationLandscapeLeft UIInterfaceOrientationLandscapeRight";
				LD_RUNPATH_SEARCH_PATHS = (
					"$(inherited)",
					"@executable_path/Frameworks",
				);
				MARKETING_VERSION = 1.0;
				PRODUCT_BUNDLE_IDENTIFIER = jp.co.daiheidoi.CodeAI;
				PRODUCT_NAME = "$(TARGET_NAME)";
				SWIFT_EMIT_LOC_STRINGS = YES;
				SWIFT_VERSION = 5.0;
				TARGETED_DEVICE_FAMILY = "1,2";
			};
			name = Release;
		};
		2CC4F9762BB2599600B844A8 /* Debug */ = {
			isa = XCBuildConfiguration;
			buildSettings = {
				ALWAYS_EMBED_SWIFT_STANDARD_LIBRARIES = YES;
				BUNDLE_LOADER = "$(TEST_HOST)";
				CODE_SIGN_STYLE = Automatic;
				CURRENT_PROJECT_VERSION = 1;
				GENERATE_INFOPLIST_FILE = YES;
				IPHONEOS_DEPLOYMENT_TARGET = 17.2;
				MARKETING_VERSION = 1.0;
				PRODUCT_BUNDLE_IDENTIFIER = jp.co.daiheidoi.CodeAITests;
				PRODUCT_NAME = "$(TARGET_NAME)";
				SWIFT_EMIT_LOC_STRINGS = NO;
				SWIFT_VERSION = 5.0;
				TARGETED_DEVICE_FAMILY = "1,2";
				TEST_HOST = "$(BUILT_PRODUCTS_DIR)/CodeAI.app/$(BUNDLE_EXECUTABLE_FOLDER_PATH)/CodeAI";
			};
			name = Debug;
		};
		2CC4F9772BB2599600B844A8 /* Release */ = {
			isa = XCBuildConfiguration;
			buildSettings = {
				ALWAYS_EMBED_SWIFT_STANDARD_LIBRARIES = YES;
				BUNDLE_LOADER = "$(TEST_HOST)";
				CODE_SIGN_STYLE = Automatic;
				CURRENT_PROJECT_VERSION = 1;
				GENERATE_INFOPLIST_FILE = YES;
				IPHONEOS_DEPLOYMENT_TARGET = 17.2;
				MARKETING_VERSION = 1.0;
				PRODUCT_BUNDLE_IDENTIFIER = jp.co.daiheidoi.CodeAITests;
				PRODUCT_NAME = "$(TARGET_NAME)";
				SWIFT_EMIT_LOC_STRINGS = NO;
				SWIFT_VERSION = 5.0;
				TARGETED_DEVICE_FAMILY = "1,2";
				TEST_HOST = "$(BUILT_PRODUCTS_DIR)/CodeAI.app/$(BUNDLE_EXECUTABLE_FOLDER_PATH)/CodeAI";
			};
			name = Release;
		};
		2CC4F9792BB2599600B844A8 /* Debug */ = {
			isa = XCBuildConfiguration;
			buildSettings = {
				ALWAYS_EMBED_SWIFT_STANDARD_LIBRARIES = YES;
				CODE_SIGN_STYLE = Automatic;
				CURRENT_PROJECT_VERSION = 1;
				GENERATE_INFOPLIST_FILE = YES;
				MARKETING_VERSION = 1.0;
				PRODUCT_BUNDLE_IDENTIFIER = jp.co.daiheidoi.CodeAIUITests;
				PRODUCT_NAME = "$(TARGET_NAME)";
				SWIFT_EMIT_LOC_STRINGS = NO;
				SWIFT_VERSION = 5.0;
				TARGETED_DEVICE_FAMILY = "1,2";
				TEST_TARGET_NAME = CodeAI;
			};
			name = Debug;
		};
		2CC4F97A2BB2599600B844A8 /* Release */ = {
			isa = XCBuildConfiguration;
			buildSettings = {
				ALWAYS_EMBED_SWIFT_STANDARD_LIBRARIES = YES;
				CODE_SIGN_STYLE = Automatic;
				CURRENT_PROJECT_VERSION = 1;
				GENERATE_INFOPLIST_FILE = YES;
				MARKETING_VERSION = 1.0;
				PRODUCT_BUNDLE_IDENTIFIER = jp.co.daiheidoi.CodeAIUITests;
				PRODUCT_NAME = "$(TARGET_NAME)";
				SWIFT_EMIT_LOC_STRINGS = NO;
				SWIFT_VERSION = 5.0;
				TARGETED_DEVICE_FAMILY = "1,2";
				TEST_TARGET_NAME = CodeAI;
			};
			name = Release;
		};
/* End XCBuildConfiguration section */

/* Begin XCConfigurationList section */
		2CC4F9492BB2599000B844A8 /* Build configuration list for PBXProject "CodeAI" */ = {
			isa = XCConfigurationList;
			buildConfigurations = (
				2CC4F9702BB2599600B844A8 /* Debug */,
				2CC4F9712BB2599600B844A8 /* Release */,
			);
			defaultConfigurationIsVisible = 0;
			defaultConfigurationName = Release;
		};
		2CC4F9722BB2599600B844A8 /* Build configuration list for PBXNativeTarget "CodeAI" */ = {
			isa = XCConfigurationList;
			buildConfigurations = (
				2CC4F9732BB2599600B844A8 /* Debug */,
				2CC4F9742BB2599600B844A8 /* Release */,
			);
			defaultConfigurationIsVisible = 0;
			defaultConfigurationName = Release;
		};
		2CC4F9752BB2599600B844A8 /* Build configuration list for PBXNativeTarget "CodeAITests" */ = {
			isa = XCConfigurationList;
			buildConfigurations = (
				2CC4F9762BB2599600B844A8 /* Debug */,
				2CC4F9772BB2599600B844A8 /* Release */,
			);
			defaultConfigurationIsVisible = 0;
			defaultConfigurationName = Release;
		};
		2CC4F9782BB2599600B844A8 /* Build configuration list for PBXNativeTarget "CodeAIUITests" */ = {
			isa = XCConfigurationList;
			buildConfigurations = (
				2CC4F9792BB2599600B844A8 /* Debug */,
				2CC4F97A2BB2599600B844A8 /* Release */,
			);
			defaultConfigurationIsVisible = 0;
			defaultConfigurationName = Release;
		};
/* End XCConfigurationList section */
	};
	rootObject = 2CC4F9462BB2599000B844A8 /* Project object */;
}
